PODS:
  - connectivity_plus (0.0.1):
    - Flutter
    - Reachability
  - device_info (0.0.1):
    - Flutter
  - Firebase/CoreOnly (8.11.0):
    - FirebaseCore (= 8.11.0)
  - Firebase/Messaging (8.11.0):
    - Firebase/CoreOnly
    - FirebaseMessaging (~> 8.11.0)
  - firebase_core (1.12.0):
    - Firebase/CoreOnly (= 8.11.0)
    - Flutter
  - firebase_messaging (11.4.4):
    - Firebase/Messaging (= 8.11.0)
    - firebase_core
    - Flutter
  - FirebaseCore (8.11.0):
    - FirebaseCoreDiagnostics (~> 8.0)
    - GoogleUtilities/Environment (~> 7.7)
    - GoogleUtilities/Logger (~> 7.7)
  - FirebaseCoreDiagnostics (8.15.0):
    - GoogleDataTransport (~> 9.1)
    - GoogleUtilities/Environment (~> 7.7)
    - GoogleUtilities/Logger (~> 7.7)
    - nanopb (~> 2.30908.0)
  - FirebaseInstallations (8.15.0):
    - FirebaseCore (~> 8.0)
    - GoogleUtilities/Environment (~> 7.7)
    - GoogleUtilities/UserDefaults (~> 7.7)
    - PromisesObjC (< 3.0, >= 1.2)
  - FirebaseMessaging (8.11.0):
    - FirebaseCore (~> 8.0)
    - FirebaseInstallations (~> 8.0)
    - GoogleDataTransport (~> 9.1)
    - GoogleUtilities/AppDelegateSwizzler (~> 7.7)
    - GoogleUtilities/Environment (~> 7.7)
    - GoogleUtilities/Reachability (~> 7.7)
    - GoogleUtilities/UserDefaults (~> 7.7)
    - nanopb (~> 2.30908.0)
  - Flutter (1.0.0)
  - FMDB (2.7.5):
    - FMDB/standard (= 2.7.5)
  - FMDB/standard (2.7.5)
  - GoogleDataTransport (9.2.3):
    - GoogleUtilities/Environment (~> 7.7)
    - nanopb (< 2.30910.0, >= 2.30908.0)
    - PromisesObjC (< 3.0, >= 1.2)
  - GoogleUtilities/AppDelegateSwizzler (7.11.1):
    - GoogleUtilities/Environment
    - GoogleUtilities/Logger
    - GoogleUtilities/Network
  - GoogleUtilities/Environment (7.11.1):
    - PromisesObjC (< 3.0, >= 1.2)
  - GoogleUtilities/Logger (7.11.1):
    - GoogleUtilities/Environment
  - GoogleUtilities/Network (7.11.1):
    - GoogleUtilities/Logger
    - "GoogleUtilities/NSData+zlib"
    - GoogleUtilities/Reachability
  - "GoogleUtilities/NSData+zlib (7.11.1)"
  - GoogleUtilities/Reachability (7.11.1):
    - GoogleUtilities/Logger
  - GoogleUtilities/UserDefaults (7.11.1):
    - GoogleUtilities/Logger
  - image_picker_ios (0.0.1):
    - Flutter
  - nanopb (2.30908.0):
    - nanopb/decode (= 2.30908.0)
    - nanopb/encode (= 2.30908.0)
  - nanopb/decode (2.30908.0)
  - nanopb/encode (2.30908.0)
  - notification_permissions (0.4.4):
    - Flutter
  - path_provider_ios (0.0.1):
    - Flutter
  - PromisesObjC (2.2.0)
  - Reachability (3.2)
  - shared_preferences_ios (0.0.1):
    - Flutter
  - sqflite (0.0.2):
    - Flutter
    - FMDB (>= 2.7.5)
  - url_launcher_ios (0.0.1):
    - Flutter
  - webview_flutter_wkwebview (0.0.1):
    - Flutter

DEPENDENCIES:
  - connectivity_plus (from `.symlinks/plugins/connectivity_plus/ios`)
  - device_info (from `.symlinks/plugins/device_info/ios`)
  - firebase_core (from `.symlinks/plugins/firebase_core/ios`)
  - firebase_messaging (from `.symlinks/plugins/firebase_messaging/ios`)
  - Flutter (from `Flutter`)
  - image_picker_ios (from `.symlinks/plugins/image_picker_ios/ios`)
  - notification_permissions (from `.symlinks/plugins/notification_permissions/ios`)
  - path_provider_ios (from `.symlinks/plugins/path_provider_ios/ios`)
  - shared_preferences_ios (from `.symlinks/plugins/shared_preferences_ios/ios`)
  - sqflite (from `.symlinks/plugins/sqflite/ios`)
  - url_launcher_ios (from `.symlinks/plugins/url_launcher_ios/ios`)
  - webview_flutter_wkwebview (from `.symlinks/plugins/webview_flutter_wkwebview/ios`)

SPEC REPOS:
  trunk:
    - Firebase
    - FirebaseCore
    - FirebaseCoreDiagnostics
    - FirebaseInstallations
    - FirebaseMessaging
    - FMDB
    - GoogleDataTransport
    - GoogleUtilities
    - nanopb
    - PromisesObjC
    - Reachability

EXTERNAL SOURCES:
  connectivity_plus:
    :path: ".symlinks/plugins/connectivity_plus/ios"
  device_info:
    :path: ".symlinks/plugins/device_info/ios"
  firebase_core:
    :path: ".symlinks/plugins/firebase_core/ios"
  firebase_messaging:
    :path: ".symlinks/plugins/firebase_messaging/ios"
  Flutter:
    :path: Flutter
  image_picker_ios:
    :path: ".symlinks/plugins/image_picker_ios/ios"
  notification_permissions:
    :path: ".symlinks/plugins/notification_permissions/ios"
  path_provider_ios:
    :path: ".symlinks/plugins/path_provider_ios/ios"
  shared_preferences_ios:
    :path: ".symlinks/plugins/shared_preferences_ios/ios"
  sqflite:
    :path: ".symlinks/plugins/sqflite/ios"
  url_launcher_ios:
    :path: ".symlinks/plugins/url_launcher_ios/ios"
  webview_flutter_wkwebview:
    :path: ".symlinks/plugins/webview_flutter_wkwebview/ios"

SPEC CHECKSUMS:
  connectivity_plus: 5f0eb61093bec56935f21a1699dd2758bc895587
  device_info: d7d233b645a32c40dfdc212de5cf646ca482f175
  Firebase: 44dd9724c84df18b486639e874f31436eaa9a20c
  firebase_core: 443bccfd6aa6b42f07be365b500773dc69db2d87
  firebase_messaging: 8dbb61ae4028908626d8cc3845b07666bf325dea
  FirebaseCore: 2f4f85b453cc8fea4bb2b37e370007d2bcafe3f0
  FirebaseCoreDiagnostics: 92e07a649aeb66352b319d43bdd2ee3942af84cb
  FirebaseInstallations: 40bd9054049b2eae9a2c38ef1c3dd213df3605cd
  FirebaseMessaging: 02e248e8997f71fa8cc9d78e9d49ec1a701ba14a
  Flutter: 50d75fe2f02b26cc09d224853bb45737f8b3214a
  FMDB: 2ce00b547f966261cd18927a3ddb07cb6f3db82a
  GoogleDataTransport: f0308f5905a745f94fb91fea9c6cbaf3831cb1bd
  GoogleUtilities: 9aa0ad5a7bc171f8bae016300bfcfa3fb8425749
  image_picker_ios: b786a5dcf033a8336a657191401bfdf12017dabb
  nanopb: a0ba3315591a9ae0a16a309ee504766e90db0c96
  notification_permissions: 825ea1bf2a52ab585c53fd7b5e8e96876d735d4b
  path_provider_ios: 14f3d2fd28c4fdb42f44e0f751d12861c43cee02
  PromisesObjC: 09985d6d70fbe7878040aa746d78236e6946d2ef
  Reachability: 33e18b67625424e47b6cde6d202dce689ad7af96
  shared_preferences_ios: 548a61f8053b9b8a49ac19c1ffbc8b92c50d68ad
  sqflite: 6d358c025f5b867b29ed92fc697fd34924e11904
  url_launcher_ios: ae1517e5e344f5544fb090b079e11f399dfbe4d2
  webview_flutter_wkwebview: b7e70ef1ddded7e69c796c7390ee74180182971f

PODFILE CHECKSUM: fc81e398f362bae88bdf55239bd5cf842faad39f

COCOAPODS: 1.11.3
